
Microsoft Visual Studio Solution File, Format Version 12.00
# Visual Studio Version 17
VisualStudioVersion = 17.13.35931.197 d17.13
MinimumVisualStudioVersion = 10.0.40219.1
Project("{FAE04EC0-301F-11D3-BF4B-00C04F79EFBC}") = "HesapMakinesi", "HesapMakinesi\HesapMakinesi.csproj", "{0D3D1E5E-5F34-4DD3-9F0E-9291C8925ABE}"
EndProject
Global
	GlobalSection(SolutionConfigurationPlatforms) = preSolution
		Debug|Any CPU = Debug|Any CPU
		Release|Any CPU = Release|Any CPU
	EndGlobalSection
	GlobalSection(ProjectConfigurationPlatforms) = postSolution
		{0D3D1E5E-5F34-4DD3-9F0E-9291C8925ABE}.Debug|Any CPU.ActiveCfg = Debug|Any CPU
		{0D3D1E5E-5F34-4DD3-9F0E-9291C8925ABE}.Debug|Any CPU.Build.0 = Debug|Any CPU
		{0D3D1E5E-5F34-4DD3-9F0E-9291C8925ABE}.Release|Any CPU.ActiveCfg = Release|Any CPU
		{0D3D1E5E-5F34-4DD3-9F0E-9291C8925ABE}.Release|Any CPU.Build.0 = Release|Any CPU
	EndGlobalSection
	GlobalSection(SolutionProperties) = preSolution
		HideSolutionNode = FALSE
	EndGlobalSection
	GlobalSection(ExtensibilityGlobals) = postSolution
		SolutionGuid = {B928125F-7ED8-4C29-8777-B35C18F82F31}
	EndGlobalSection
EndGlobal
